// !$*UTF8*$!
{
	archiveVersion = 1;
	classes = {
	};
	objectVersion = 46;
	objects = {

/* Begin PBXBuildFile section */
		C5F43B9A1F4B07F100F702DE /* AppDelegate.swift in Sources */ = {isa = PBXBuildFile; fileRef = C5F43B991F4B07F100F702DE /* AppDelegate.swift */; };
		C5F43B9C1F4B07F100F702DE /* PostsViewController.swift in Sources */ = {isa = PBXBuildFile; fileRef = C5F43B9B1F4B07F100F702DE /* PostsViewController.swift */; };
		C5F43B9F1F4B07F100F702DE /* Main.storyboard in Resources */ = {isa = PBXBuildFile; fileRef = C5F43B9D1F4B07F100F702DE /* Main.storyboard */; };
		C5F43BA11F4B07F100F702DE /* Assets.xcassets in Resources */ = {isa = PBXBuildFile; fileRef = C5F43BA01F4B07F100F702DE /* Assets.xcassets */; };
		C5F43BA41F4B07F100F702DE /* LaunchScreen.storyboard in Resources */ = {isa = PBXBuildFile; fileRef = C5F43BA21F4B07F100F702DE /* LaunchScreen.storyboard */; };
		C5F43BAC1F4B0B3000F702DE /* PostCell.swift in Sources */ = {isa = PBXBuildFile; fileRef = C5F43BAB1F4B0B3000F702DE /* PostCell.swift */; };
		C5F43BAE1F4B0B4C00F702DE /* CommentCell.swift in Sources */ = {isa = PBXBuildFile; fileRef = C5F43BAD1F4B0B4C00F702DE /* CommentCell.swift */; };
		C5F43BB11F4B0C4700F702DE /* Post.swift in Sources */ = {isa = PBXBuildFile; fileRef = C5F43BB01F4B0C4700F702DE /* Post.swift */; };
		C5F43BB31F4B0C6300F702DE /* Comment.swift in Sources */ = {isa = PBXBuildFile; fileRef = C5F43BB21F4B0C6300F702DE /* Comment.swift */; };
		C5F43BB61F4B0CB000F702DE /* PostViewController.swift in Sources */ = {isa = PBXBuildFile; fileRef = C5F43BB51F4B0CB000F702DE /* PostViewController.swift */; };
		C5F84B8E1F4B18B9000CED14 /* Realm.framework in Frameworks */ = {isa = PBXBuildFile; fileRef = C5F84B8C1F4B18B9000CED14 /* Realm.framework */; };
		C5F84B8F1F4B18B9000CED14 /* Realm.framework in Embed Frameworks */ = {isa = PBXBuildFile; fileRef = C5F84B8C1F4B18B9000CED14 /* Realm.framework */; settings = {ATTRIBUTES = (CodeSignOnCopy, RemoveHeadersOnCopy, ); }; };
		C5F84B901F4B18B9000CED14 /* RealmSwift.framework in Frameworks */ = {isa = PBXBuildFile; fileRef = C5F84B8D1F4B18B9000CED14 /* RealmSwift.framework */; };
		C5F84B911F4B18B9000CED14 /* RealmSwift.framework in Embed Frameworks */ = {isa = PBXBuildFile; fileRef = C5F84B8D1F4B18B9000CED14 /* RealmSwift.framework */; settings = {ATTRIBUTES = (CodeSignOnCopy, RemoveHeadersOnCopy, ); }; };
		C5F84B951F4B18E0000CED14 /* libz.tbd in Frameworks */ = {isa = PBXBuildFile; fileRef = C5F84B941F4B18E0000CED14 /* libz.tbd */; };
		C5F84B971F4B18E8000CED14 /* libsqlite3.tbd in Frameworks */ = {isa = PBXBuildFile; fileRef = C5F84B961F4B18E8000CED14 /* libsqlite3.tbd */; };
		C5F84B9B1F4B2542000CED14 /* RealmManager.swift in Sources */ = {isa = PBXBuildFile; fileRef = C5F84B9A1F4B2542000CED14 /* RealmManager.swift */; };
		C5F84B9D1F4B2661000CED14 /* Utilities.swift in Sources */ = {isa = PBXBuildFile; fileRef = C5F84B9C1F4B2661000CED14 /* Utilities.swift */; };
		C5F84BA01F4B3976000CED14 /* Alamofire.framework in Frameworks */ = {isa = PBXBuildFile; fileRef = C5F84B9F1F4B3976000CED14 /* Alamofire.framework */; };
		C5F84BA11F4B3976000CED14 /* Alamofire.framework in Embed Frameworks */ = {isa = PBXBuildFile; fileRef = C5F84B9F1F4B3976000CED14 /* Alamofire.framework */; settings = {ATTRIBUTES = (CodeSignOnCopy, RemoveHeadersOnCopy, ); }; };
		C5F84BA31F4B397E000CED14 /* Locksmith.framework in Frameworks */ = {isa = PBXBuildFile; fileRef = C5F84BA21F4B397E000CED14 /* Locksmith.framework */; };
		C5F84BA41F4B397E000CED14 /* Locksmith.framework in Embed Frameworks */ = {isa = PBXBuildFile; fileRef = C5F84BA21F4B397E000CED14 /* Locksmith.framework */; settings = {ATTRIBUTES = (CodeSignOnCopy, RemoveHeadersOnCopy, ); }; };
		C5F84BA81F4B3DAA000CED14 /* Constaint.swift in Sources */ = {isa = PBXBuildFile; fileRef = C5F84BA71F4B3DAA000CED14 /* Constaint.swift */; };
		C5F84BAA1F4B8BEC000CED14 /* WebServiceManager.swift in Sources */ = {isa = PBXBuildFile; fileRef = C5F84BA91F4B8BEC000CED14 /* WebServiceManager.swift */; };
		C5F84BAE1F4B99D3000CED14 /* AlamofireImage.framework in Frameworks */ = {isa = PBXBuildFile; fileRef = C5F84BAD1F4B99D3000CED14 /* AlamofireImage.framework */; };
		C5F84BAF1F4B99D3000CED14 /* AlamofireImage.framework in Embed Frameworks */ = {isa = PBXBuildFile; fileRef = C5F84BAD1F4B99D3000CED14 /* AlamofireImage.framework */; settings = {ATTRIBUTES = (CodeSignOnCopy, RemoveHeadersOnCopy, ); }; };
/* End PBXBuildFile section */

/* Begin PBXCopyFilesBuildPhase section */
		C5F84B921F4B18B9000CED14 /* Embed Frameworks */ = {
			isa = PBXCopyFilesBuildPhase;
			buildActionMask = 2147483647;
			dstPath = "";
			dstSubfolderSpec = 10;
			files = (
				C5F84B911F4B18B9000CED14 /* RealmSwift.framework in Embed Frameworks */,
				C5F84BAF1F4B99D3000CED14 /* AlamofireImage.framework in Embed Frameworks */,
				C5F84BA41F4B397E000CED14 /* Locksmith.framework in Embed Frameworks */,
				C5F84BA11F4B3976000CED14 /* Alamofire.framework in Embed Frameworks */,
				C5F84B8F1F4B18B9000CED14 /* Realm.framework in Embed Frameworks */,
			);
			name = "Embed Frameworks";
			runOnlyForDeploymentPostprocessing = 0;
		};
/* End PBXCopyFilesBuildPhase section */

/* Begin PBXFileReference section */
		C5F43B961F4B07F100F702DE /* Vidme.app */ = {isa = PBXFileReference; explicitFileType = wrapper.application; includeInIndex = 0; path = Vidme.app; sourceTree = BUILT_PRODUCTS_DIR; };
		C5F43B991F4B07F100F702DE /* AppDelegate.swift */ = {isa = PBXFileReference; lastKnownFileType = sourcecode.swift; path = AppDelegate.swift; sourceTree = "<group>"; };
		C5F43B9B1F4B07F100F702DE /* PostsViewController.swift */ = {isa = PBXFileReference; lastKnownFileType = sourcecode.swift; path = PostsViewController.swift; sourceTree = "<group>"; };
		C5F43B9E1F4B07F100F702DE /* Base */ = {isa = PBXFileReference; lastKnownFileType = file.storyboard; name = Base; path = Base.lproj/Main.storyboard; sourceTree = "<group>"; };
		C5F43BA01F4B07F100F702DE /* Assets.xcassets */ = {isa = PBXFileReference; lastKnownFileType = folder.assetcatalog; path = Assets.xcassets; sourceTree = "<group>"; };
		C5F43BA31F4B07F100F702DE /* Base */ = {isa = PBXFileReference; lastKnownFileType = file.storyboard; name = Base; path = Base.lproj/LaunchScreen.storyboard; sourceTree = "<group>"; };
		C5F43BA51F4B07F100F702DE /* Info.plist */ = {isa = PBXFileReference; lastKnownFileType = text.plist.xml; path = Info.plist; sourceTree = "<group>"; };
		C5F43BAB1F4B0B3000F702DE /* PostCell.swift */ = {isa = PBXFileReference; fileEncoding = 4; lastKnownFileType = sourcecode.swift; path = PostCell.swift; sourceTree = "<group>"; };
		C5F43BAD1F4B0B4C00F702DE /* CommentCell.swift */ = {isa = PBXFileReference; fileEncoding = 4; lastKnownFileType = sourcecode.swift; path = CommentCell.swift; sourceTree = "<group>"; };
		C5F43BB01F4B0C4700F702DE /* Post.swift */ = {isa = PBXFileReference; fileEncoding = 4; lastKnownFileType = sourcecode.swift; path = Post.swift; sourceTree = "<group>"; };
		C5F43BB21F4B0C6300F702DE /* Comment.swift */ = {isa = PBXFileReference; fileEncoding = 4; lastKnownFileType = sourcecode.swift; path = Comment.swift; sourceTree = "<group>"; };
		C5F43BB51F4B0CB000F702DE /* PostViewController.swift */ = {isa = PBXFileReference; fileEncoding = 4; lastKnownFileType = sourcecode.swift; path = PostViewController.swift; sourceTree = "<group>"; };
		C5F84B8C1F4B18B9000CED14 /* Realm.framework */ = {isa = PBXFileReference; lastKnownFileType = wrapper.framework; name = Realm.framework; path = Carthage/Build/iOS/Realm.framework; sourceTree = "<group>"; };
		C5F84B8D1F4B18B9000CED14 /* RealmSwift.framework */ = {isa = PBXFileReference; lastKnownFileType = wrapper.framework; name = RealmSwift.framework; path = Carthage/Build/iOS/RealmSwift.framework; sourceTree = "<group>"; };
		C5F84B941F4B18E0000CED14 /* libz.tbd */ = {isa = PBXFileReference; lastKnownFileType = "sourcecode.text-based-dylib-definition"; name = libz.tbd; path = usr/lib/libz.tbd; sourceTree = SDKROOT; };
		C5F84B961F4B18E8000CED14 /* libsqlite3.tbd */ = {isa = PBXFileReference; lastKnownFileType = "sourcecode.text-based-dylib-definition"; name = libsqlite3.tbd; path = usr/lib/libsqlite3.tbd; sourceTree = SDKROOT; };
		C5F84B9A1F4B2542000CED14 /* RealmManager.swift */ = {isa = PBXFileReference; fileEncoding = 4; lastKnownFileType = sourcecode.swift; path = RealmManager.swift; sourceTree = "<group>"; };
		C5F84B9C1F4B2661000CED14 /* Utilities.swift */ = {isa = PBXFileReference; fileEncoding = 4; lastKnownFileType = sourcecode.swift; name = Utilities.swift; path = ../Utilities.swift; sourceTree = "<group>"; };
		C5F84B9E1F4B395D000CED14 /* Vidme.entitlements */ = {isa = PBXFileReference; lastKnownFileType = text.plist.entitlements; name = Vidme.entitlements; path = Vidme/Vidme.entitlements; sourceTree = "<group>"; };
		C5F84B9F1F4B3976000CED14 /* Alamofire.framework */ = {isa = PBXFileReference; lastKnownFileType = wrapper.framework; name = Alamofire.framework; path = Carthage/Build/iOS/Alamofire.framework; sourceTree = "<group>"; };
		C5F84BA21F4B397E000CED14 /* Locksmith.framework */ = {isa = PBXFileReference; lastKnownFileType = wrapper.framework; name = Locksmith.framework; path = Carthage/Build/iOS/Locksmith.framework; sourceTree = "<group>"; };
		C5F84BA71F4B3DAA000CED14 /* Constaint.swift */ = {isa = PBXFileReference; fileEncoding = 4; lastKnownFileType = sourcecode.swift; name = Constaint.swift; path = ../Constaint.swift; sourceTree = "<group>"; };
		C5F84BA91F4B8BEC000CED14 /* WebServiceManager.swift */ = {isa = PBXFileReference; fileEncoding = 4; lastKnownFileType = sourcecode.swift; path = WebServiceManager.swift; sourceTree = "<group>"; };
		C5F84BAD1F4B99D3000CED14 /* AlamofireImage.framework */ = {isa = PBXFileReference; lastKnownFileType = wrapper.framework; name = AlamofireImage.framework; path = Carthage/Build/iOS/AlamofireImage.framework; sourceTree = "<group>"; };
/* End PBXFileReference section */

/* Begin PBXFrameworksBuildPhase section */
		C5F43B931F4B07F100F702DE /* Frameworks */ = {
			isa = PBXFrameworksBuildPhase;
			buildActionMask = 2147483647;
			files = (
				C5F84B971F4B18E8000CED14 /* libsqlite3.tbd in Frameworks */,
				C5F84B951F4B18E0000CED14 /* libz.tbd in Frameworks */,
				C5F84BAE1F4B99D3000CED14 /* AlamofireImage.framework in Frameworks */,
				C5F84B901F4B18B9000CED14 /* RealmSwift.framework in Frameworks */,
				C5F84BA31F4B397E000CED14 /* Locksmith.framework in Frameworks */,
				C5F84BA01F4B3976000CED14 /* Alamofire.framework in Frameworks */,
				C5F84B8E1F4B18B9000CED14 /* Realm.framework in Frameworks */,
			);
			runOnlyForDeploymentPostprocessing = 0;
		};
/* End PBXFrameworksBuildPhase section */

/* Begin PBXGroup section */
		C5F43B8D1F4B07F100F702DE = {
			isa = PBXGroup;
			children = (
				C5F84B9E1F4B395D000CED14 /* Vidme.entitlements */,
				C5F84B991F4B19CE000CED14 /* Shared */,
				C5F43B981F4B07F100F702DE /* Vidme iOS */,
				C5F84BA61F4B39E5000CED14 /* Vidme macOS */,
				C5F43B971F4B07F100F702DE /* Products */,
				C5F84B931F4B18E0000CED14 /* Frameworks */,
			);
			sourceTree = "<group>";
		};
		C5F43B971F4B07F100F702DE /* Products */ = {
			isa = PBXGroup;
			children = (
				C5F43B961F4B07F100F702DE /* Vidme.app */,
			);
			name = Products;
			sourceTree = "<group>";
		};
		C5F43B981F4B07F100F702DE /* Vidme iOS */ = {
			isa = PBXGroup;
			children = (
				C5F43BB71F4B0CED00F702DE /* Controllers */,
				C5F43BB91F4B0D0F00F702DE /* Storyboards */,
				C5F43BB81F4B0D0200F702DE /* Supporting Files */,
				C5F43BAF1F4B0C3F00F702DE /* Views */,
			);
			name = "Vidme iOS";
			path = Vidme;
			sourceTree = "<group>";
		};
		C5F43BAF1F4B0C3F00F702DE /* Views */ = {
			isa = PBXGroup;
			children = (
				C5F43BAB1F4B0B3000F702DE /* PostCell.swift */,
				C5F43BAD1F4B0B4C00F702DE /* CommentCell.swift */,
			);
			name = Views;
			sourceTree = "<group>";
		};
		C5F43BB41F4B0C7100F702DE /* Models */ = {
			isa = PBXGroup;
			children = (
				C5F43BB01F4B0C4700F702DE /* Post.swift */,
				C5F43BB21F4B0C6300F702DE /* Comment.swift */,
			);
			name = Models;
			path = Vidme;
			sourceTree = "<group>";
		};
		C5F43BB71F4B0CED00F702DE /* Controllers */ = {
			isa = PBXGroup;
			children = (
				C5F43B991F4B07F100F702DE /* AppDelegate.swift */,
				C5F43B9B1F4B07F100F702DE /* PostsViewController.swift */,
				C5F43BB51F4B0CB000F702DE /* PostViewController.swift */,
			);
			name = Controllers;
			sourceTree = "<group>";
		};
		C5F43BB81F4B0D0200F702DE /* Supporting Files */ = {
			isa = PBXGroup;
			children = (
				C5F43BA01F4B07F100F702DE /* Assets.xcassets */,
				C5F43BA51F4B07F100F702DE /* Info.plist */,
			);
			name = "Supporting Files";
			sourceTree = "<group>";
		};
		C5F43BB91F4B0D0F00F702DE /* Storyboards */ = {
			isa = PBXGroup;
			children = (
				C5F43B9D1F4B07F100F702DE /* Main.storyboard */,
				C5F43BA21F4B07F100F702DE /* LaunchScreen.storyboard */,
			);
			name = Storyboards;
			sourceTree = "<group>";
		};
		C5F84B8A1F4B123F000CED14 /* Helpers */ = {
			isa = PBXGroup;
			children = (
				C5F84BA91F4B8BEC000CED14 /* WebServiceManager.swift */,
				C5F84B9A1F4B2542000CED14 /* RealmManager.swift */,
				C5F84B9C1F4B2661000CED14 /* Utilities.swift */,
				C5F84BA71F4B3DAA000CED14 /* Constaint.swift */,
			);
			name = Helpers;
			path = Vidme;
			sourceTree = "<group>";
		};
		C5F84B931F4B18E0000CED14 /* Frameworks */ = {
			isa = PBXGroup;
			children = (
				C5F84BAD1F4B99D3000CED14 /* AlamofireImage.framework */,
				C5F84BA21F4B397E000CED14 /* Locksmith.framework */,
				C5F84B9F1F4B3976000CED14 /* Alamofire.framework */,
				C5F84B8C1F4B18B9000CED14 /* Realm.framework */,
				C5F84B8D1F4B18B9000CED14 /* RealmSwift.framework */,
				C5F84B961F4B18E8000CED14 /* libsqlite3.tbd */,
				C5F84B941F4B18E0000CED14 /* libz.tbd */,
			);
			name = Frameworks;
			sourceTree = "<group>";
		};
		C5F84B991F4B19CE000CED14 /* Shared */ = {
			isa = PBXGroup;
			children = (
				C5F84B8A1F4B123F000CED14 /* Helpers */,
				C5F43BB41F4B0C7100F702DE /* Models */,
			);
			name = Shared;
			sourceTree = "<group>";
		};
		C5F84BA61F4B39E5000CED14 /* Vidme macOS */ = {
			isa = PBXGroup;
			children = (
			);
			name = "Vidme macOS";
			sourceTree = "<group>";
		};
/* End PBXGroup section */

/* Begin PBXNativeTarget section */
		C5F43B951F4B07F100F702DE /* Vidme */ = {
			isa = PBXNativeTarget;
			buildConfigurationList = C5F43BA81F4B07F100F702DE /* Build configuration list for PBXNativeTarget "Vidme" */;
			buildPhases = (
				C5F43B921F4B07F100F702DE /* Sources */,
				C5F43B931F4B07F100F702DE /* Frameworks */,
				C5F43B941F4B07F100F702DE /* Resources */,
				C5F84B921F4B18B9000CED14 /* Embed Frameworks */,
				C5F84B981F4B1901000CED14 /* ShellScript */,
			);
			buildRules = (
			);
			dependencies = (
			);
			name = Vidme;
			productName = Vidme;
			productReference = C5F43B961F4B07F100F702DE /* Vidme.app */;
			productType = "com.apple.product-type.application";
		};
/* End PBXNativeTarget section */

/* Begin PBXProject section */
		C5F43B8E1F4B07F100F702DE /* Project object */ = {
			isa = PBXProject;
			attributes = {
				LastSwiftUpdateCheck = 0830;
				LastUpgradeCheck = 0830;
				ORGANIZATIONNAME = Duckensburg;
				TargetAttributes = {
					C5F43B951F4B07F100F702DE = {
						CreatedOnToolsVersion = 8.3.3;
						DevelopmentTeam = ZLUJC28Y9H;
						ProvisioningStyle = Automatic;
						SystemCapabilities = {
							com.apple.Keychain = {
								enabled = 1;
							};
						};
					};
				};
			};
			buildConfigurationList = C5F43B911F4B07F100F702DE /* Build configuration list for PBXProject "Vidme" */;
			compatibilityVersion = "Xcode 3.2";
			developmentRegion = English;
			hasScannedForEncodings = 0;
			knownRegions = (
				en,
				Base,
			);
			mainGroup = C5F43B8D1F4B07F100F702DE;
			productRefGroup = C5F43B971F4B07F100F702DE /* Products */;
			projectDirPath = "";
			projectRoot = "";
			targets = (
				C5F43B951F4B07F100F702DE /* Vidme */,
			);
		};
/* End PBXProject section */

/* Begin PBXResourcesBuildPhase section */
		C5F43B941F4B07F100F702DE /* Resources */ = {
			isa = PBXResourcesBuildPhase;
			buildActionMask = 2147483647;
			files = (
				C5F43BA41F4B07F100F702DE /* LaunchScreen.storyboard in Resources */,
				C5F43BA11F4B07F100F702DE /* Assets.xcassets in Resources */,
				C5F43B9F1F4B07F100F702DE /* Main.storyboard in Resources */,
			);
			runOnlyForDeploymentPostprocessing = 0;
		};
/* End PBXResourcesBuildPhase section */

/* Begin PBXShellScriptBuildPhase section */
		C5F84B981F4B1901000CED14 /* ShellScript */ = {
			isa = PBXShellScriptBuildPhase;
			buildActionMask = 2147483647;
			files = (
			);
			inputPaths = (
			);
			outputPaths = (
			);
			runOnlyForDeploymentPostprocessing = 0;
			shellPath = /bin/sh;
			shellScript = "/usr/local/bin/carthage copy-frameworks";
		};
/* End PBXShellScriptBuildPhase section */

/* Begin PBXSourcesBuildPhase section */
		C5F43B921F4B07F100F702DE /* Sources */ = {
			isa = PBXSourcesBuildPhase;
			buildActionMask = 2147483647;
			files = (
				C5F43BAC1F4B0B3000F702DE /* PostCell.swift in Sources */,
				C5F84B9B1F4B2542000CED14 /* RealmManager.swift in Sources */,
				C5F43BB31F4B0C6300F702DE /* Comment.swift in Sources */,
				C5F84BAA1F4B8BEC000CED14 /* WebServiceManager.swift in Sources */,
				C5F84BA81F4B3DAA000CED14 /* Constaint.swift in Sources */,
				C5F43B9C1F4B07F100F702DE /* PostsViewController.swift in Sources */,
				C5F43BAE1F4B0B4C00F702DE /* CommentCell.swift in Sources */,
				C5F43BB61F4B0CB000F702DE /* PostViewController.swift in Sources */,
				C5F84B9D1F4B2661000CED14 /* Utilities.swift in Sources */,
				C5F43B9A1F4B07F100F702DE /* AppDelegate.swift in Sources */,
				C5F43BB11F4B0C4700F702DE /* Post.swift in Sources */,
			);
			runOnlyForDeploymentPostprocessing = 0;
		};
/* End PBXSourcesBuildPhase section */

/* Begin PBXVariantGroup section */
		C5F43B9D1F4B07F100F702DE /* Main.storyboard */ = {
			isa = PBXVariantGroup;
			children = (
				C5F43B9E1F4B07F100F702DE /* Base */,
			);
			name = Main.storyboard;
			sourceTree = "<group>";
		};
		C5F43BA21F4B07F100F702DE /* LaunchScreen.storyboard */ = {
			isa = PBXVariantGroup;
			children = (
				C5F43BA31F4B07F100F702DE /* Base */,
			);
			name = LaunchScreen.storyboard;
			sourceTree = "<group>";
		};
/* End PBXVariantGroup section */

/* Begin XCBuildConfiguration section */
		C5F43BA61F4B07F100F702DE /* Debug */ = {
			isa = XCBuildConfiguration;
			buildSettings = {
				ALWAYS_SEARCH_USER_PATHS = NO;
				CLANG_ANALYZER_NONNULL = YES;
				CLANG_ANALYZER_NUMBER_OBJECT_CONVERSION = YES_AGGRESSIVE;
				CLANG_CXX_LANGUAGE_STANDARD = "gnu++0x";
				CLANG_CXX_LIBRARY = "libc++";
				CLANG_ENABLE_MODULES = YES;
				CLANG_ENABLE_OBJC_ARC = YES;
				CLANG_WARN_BOOL_CONVERSION = YES;
				CLANG_WARN_CONSTANT_CONVERSION = YES;
				CLANG_WARN_DIRECT_OBJC_ISA_USAGE = YES_ERROR;
				CLANG_WARN_DOCUMENTATION_COMMENTS = YES;
				CLANG_WARN_EMPTY_BODY = YES;
				CLANG_WARN_ENUM_CONVERSION = YES;
				CLANG_WARN_INFINITE_RECURSION = YES;
				CLANG_WARN_INT_CONVERSION = YES;
				CLANG_WARN_OBJC_ROOT_CLASS = YES_ERROR;
				CLANG_WARN_SUSPICIOUS_MOVE = YES;
				CLANG_WARN_UNREACHABLE_CODE = YES;
				CLANG_WARN__DUPLICATE_METHOD_MATCH = YES;
				"CODE_SIGN_IDENTITY[sdk=iphoneos*]" = "iPhone Developer";
				COPY_PHASE_STRIP = NO;
				DEBUG_INFORMATION_FORMAT = dwarf;
				ENABLE_STRICT_OBJC_MSGSEND = YES;
				ENABLE_TESTABILITY = YES;
				GCC_C_LANGUAGE_STANDARD = gnu99;
				GCC_DYNAMIC_NO_PIC = NO;
				GCC_NO_COMMON_BLOCKS = YES;
				GCC_OPTIMIZATION_LEVEL = 0;
				GCC_PREPROCESSOR_DEFINITIONS = (
					"DEBUG=1",
					"$(inherited)",
				);
				GCC_WARN_64_TO_32_BIT_CONVERSION = YES;
				GCC_WARN_ABOUT_RETURN_TYPE = YES_ERROR;
				GCC_WARN_UNDECLARED_SELECTOR = YES;
				GCC_WARN_UNINITIALIZED_AUTOS = YES_AGGRESSIVE;
				GCC_WARN_UNUSED_FUNCTION = YES;
				GCC_WARN_UNUSED_VARIABLE = YES;
				IPHONEOS_DEPLOYMENT_TARGET = 10.3;
				MTL_ENABLE_DEBUG_INFO = YES;
				ONLY_ACTIVE_ARCH = YES;
				SDKROOT = iphoneos;
				SWIFT_ACTIVE_COMPILATION_CONDITIONS = DEBUG;
				SWIFT_OPTIMIZATION_LEVEL = "-Onone";
				TARGETED_DEVICE_FAMILY = "1,2";
			};
			name = Debug;
		};
		C5F43BA71F4B07F100F702DE /* Release */ = {
			isa = XCBuildConfiguration;
			buildSettings = {
				ALWAYS_SEARCH_USER_PATHS = NO;
				CLANG_ANALYZER_NONNULL = YES;
				CLANG_ANALYZER_NUMBER_OBJECT_CONVERSION = YES_AGGRESSIVE;
				CLANG_CXX_LANGUAGE_STANDARD = "gnu++0x";
				CLANG_CXX_LIBRARY = "libc++";
				CLANG_ENABLE_MODULES = YES;
				CLANG_ENABLE_OBJC_ARC = YES;
				CLANG_WARN_BOOL_CONVERSION = YES;
				CLANG_WARN_CONSTANT_CONVERSION = YES;
				CLANG_WARN_DIRECT_OBJC_ISA_USAGE = YES_ERROR;
				CLANG_WARN_DOCUMENTATION_COMMENTS = YES;
				CLANG_WARN_EMPTY_BODY = YES;
				CLANG_WARN_ENUM_CONVERSION = YES;
				CLANG_WARN_INFINITE_RECURSION = YES;
				CLANG_WARN_INT_CONVERSION = YES;
				CLANG_WARN_OBJC_ROOT_CLASS = YES_ERROR;
				CLANG_WARN_SUSPICIOUS_MOVE = YES;
				CLANG_WARN_UNREACHABLE_CODE = YES;
				CLANG_WARN__DUPLICATE_METHOD_MATCH = YES;
				"CODE_SIGN_IDENTITY[sdk=iphoneos*]" = "iPhone Developer";
				COPY_PHASE_STRIP = NO;
				DEBUG_INFORMATION_FORMAT = "dwarf-with-dsym";
				ENABLE_NS_ASSERTIONS = NO;
				ENABLE_STRICT_OBJC_MSGSEND = YES;
				GCC_C_LANGUAGE_STANDARD = gnu99;
				GCC_NO_COMMON_BLOCKS = YES;
				GCC_WARN_64_TO_32_BIT_CONVERSION = YES;
				GCC_WARN_ABOUT_RETURN_TYPE = YES_ERROR;
				GCC_WARN_UNDECLARED_SELECTOR = YES;
				GCC_WARN_UNINITIALIZED_AUTOS = YES_AGGRESSIVE;
				GCC_WARN_UNUSED_FUNCTION = YES;
				GCC_WARN_UNUSED_VARIABLE = YES;
				IPHONEOS_DEPLOYMENT_TARGET = 10.3;
				MTL_ENABLE_DEBUG_INFO = NO;
				SDKROOT = iphoneos;
				SWIFT_OPTIMIZATION_LEVEL = "-Owholemodule";
				TARGETED_DEVICE_FAMILY = "1,2";
				VALIDATE_PRODUCT = YES;
			};
			name = Release;
		};
		C5F43BA91F4B07F100F702DE /* Debug */ = {
			isa = XCBuildConfiguration;
			buildSettings = {
				ASSETCATALOG_COMPILER_APPICON_NAME = AppIcon;
				CODE_SIGN_ENTITLEMENTS = Vidme/Vidme.entitlements;
				DEVELOPMENT_TEAM = ZLUJC28Y9H;
				FRAMEWORK_SEARCH_PATHS = (
					"$(inherited)",
					"$(PROJECT_DIR)/Carthage/Build/iOS",
				);
				INFOPLIST_FILE = Vidme/Info.plist;
				LD_RUNPATH_SEARCH_PATHS = "$(inherited) @executable_path/Frameworks";
				PRODUCT_BUNDLE_IDENTIFIER = Duckensburg.Vidme;
				PRODUCT_NAME = "$(TARGET_NAME)";
				SWIFT_VERSION = 3.0;
			};
			name = Debug;
		};
		C5F43BAA1F4B07F100F702DE /* Release */ = {
			isa = XCBuildConfiguration;
			buildSettings = {
				ASSETCATALOG_COMPILER_APPICON_NAME = AppIcon;
				CODE_SIGN_ENTITLEMENTS = Vidme/Vidme.entitlements;
				DEVELOPMENT_TEAM = ZLUJC28Y9H;
				FRAMEWORK_SEARCH_PATHS = (
					"$(inherited)",
					"$(PROJECT_DIR)/Carthage/Build/iOS",
				);
				INFOPLIST_FILE = Vidme/Info.plist;
				LD_RUNPATH_SEARCH_PATHS = "$(inherited) @executable_path/Frameworks";
				PRODUCT_BUNDLE_IDENTIFIER = Duckensburg.Vidme;
				PRODUCT_NAME = "$(TARGET_NAME)";
				SWIFT_VERSION = 3.0;
			};
			name = Release;
		};
/* End XCBuildConfiguration section */

/* Begin XCConfigurationList section */
		C5F43B911F4B07F100F702DE /* Build configuration list for PBXProject "Vidme" */ = {
			isa = XCConfigurationList;
			buildConfigurations = (
				C5F43BA61F4B07F100F702DE /* Debug */,
				C5F43BA71F4B07F100F702DE /* Release */,
			);
			defaultConfigurationIsVisible = 0;
			defaultConfigurationName = Release;
		};
		C5F43BA81F4B07F100F702DE /* Build configuration list for PBXNativeTarget "Vidme" */ = {
			isa = XCConfigurationList;
			buildConfigurations = (
				C5F43BA91F4B07F100F702DE /* Debug */,
				C5F43BAA1F4B07F100F702DE /* Release */,
			);
			defaultConfigurationIsVisible = 0;
			defaultConfigurationName = Release;
		};
/* End XCConfigurationList section */
	};
	rootObject = C5F43B8E1F4B07F100F702DE /* Project object */;
}
